
Microsoft Visual Studio Solution File, Format Version 12.00
# Visual Studio Version 17
VisualStudioVersion = 17.3.32901.215
MinimumVisualStudioVersion = 10.0.40219.1
Project("{FAE04EC0-301F-11D3-BF4B-00C04F79EFBC}") = "SchoolSystem", "SchoolSystem\SchoolSystem.csproj", "{240E07A6-FA61-41E6-9865-3617D8C31D01}"
EndProject
Project("{FAE04EC0-301F-11D3-BF4B-00C04F79EFBC}") = "SchoolSystem.Core", "SchoolSystem.Core\SchoolSystem.Core.csproj", "{0D49A927-2D53-471D-9257-46E8F4228D7F}"
EndProject
Project("{FAE04EC0-301F-11D3-BF4B-00C04F79EFBC}") = "SchoolSystem.Infrastructure", "SchoolSystem.Infrastructure\SchoolSystem.Infrastructure.csproj", "{D11F4352-8409-40E7-992F-ED1F160D2FDA}"
EndProject
Global
	GlobalSection(SolutionConfigurationPlatforms) = preSolution
		Debug|Any CPU = Debug|Any CPU
		Release|Any CPU = Release|Any CPU
	EndGlobalSection
	GlobalSection(ProjectConfigurationPlatforms) = postSolution
		{240E07A6-FA61-41E6-9865-3617D8C31D01}.Debug|Any CPU.ActiveCfg = Debug|Any CPU
		{240E07A6-FA61-41E6-9865-3617D8C31D01}.Debug|Any CPU.Build.0 = Debug|Any CPU
		{240E07A6-FA61-41E6-9865-3617D8C31D01}.Release|Any CPU.ActiveCfg = Release|Any CPU
		{240E07A6-FA61-41E6-9865-3617D8C31D01}.Release|Any CPU.Build.0 = Release|Any CPU
		{0D49A927-2D53-471D-9257-46E8F4228D7F}.Debug|Any CPU.ActiveCfg = Debug|Any CPU
		{0D49A927-2D53-471D-9257-46E8F4228D7F}.Debug|Any CPU.Build.0 = Debug|Any CPU
		{0D49A927-2D53-471D-9257-46E8F4228D7F}.Release|Any CPU.ActiveCfg = Release|Any CPU
		{0D49A927-2D53-471D-9257-46E8F4228D7F}.Release|Any CPU.Build.0 = Release|Any CPU
		{D11F4352-8409-40E7-992F-ED1F160D2FDA}.Debug|Any CPU.ActiveCfg = Debug|Any CPU
		{D11F4352-8409-40E7-992F-ED1F160D2FDA}.Debug|Any CPU.Build.0 = Debug|Any CPU
		{D11F4352-8409-40E7-992F-ED1F160D2FDA}.Release|Any CPU.ActiveCfg = Release|Any CPU
		{D11F4352-8409-40E7-992F-ED1F160D2FDA}.Release|Any CPU.Build.0 = Release|Any CPU
	EndGlobalSection
	GlobalSection(SolutionProperties) = preSolution
		HideSolutionNode = FALSE
	EndGlobalSection
	GlobalSection(ExtensibilityGlobals) = postSolution
		SolutionGuid = {16D4CF04-BADC-4665-9CA4-A96447FA4DBA}
	EndGlobalSection
EndGlobal
